
Microsoft Visual Studio Solution File, Format Version 12.00
# Visual Studio 15
VisualStudioVersion = 15.0.28010.2046
MinimumVisualStudioVersion = 10.0.40219.1
Project("{FAE04EC0-301F-11D3-BF4B-00C04F79EFBC}") = "WpfApplication", "WpfApplication\WpfApplication.csproj", "{D02B3370-AB12-4E60-A1E8-A03D2048A7EF}"
EndProject
Project("{FAE04EC0-301F-11D3-BF4B-00C04F79EFBC}") = "BusinessLogic", "BusinessLogic\BusinessLogic.csproj", "{71590A12-A991-4FB2-8A89-6B2A48D6BE26}"
EndProject
Project("{FAE04EC0-301F-11D3-BF4B-00C04F79EFBC}") = "ReflectorTests", "UnitTests\ReflectorTests.csproj", "{2AAD1C88-48EA-4898-8F30-9A3D90D8BC82}"
EndProject
Project("{FAE04EC0-301F-11D3-BF4B-00C04F79EFBC}") = "ClassesForTesting", "ClassesForTesting\ClassesForTesting.csproj", "{307CDC07-4DE8-40FA-9420-A882AFED6FAA}"
EndProject
Project("{FAE04EC0-301F-11D3-BF4B-00C04F79EFBC}") = "ConsoleApplication", "ConsoleApplication\ConsoleApplication.csproj", "{D4091BE8-68B8-4B05-92DD-A408D7B2E148}"
EndProject
Project("{FAE04EC0-301F-11D3-BF4B-00C04F79EFBC}") = "WPFPathFinder", "WPFPathFinder\WPFPathFinder.csproj", "{7498CB1C-7504-40F0-A216-E892163072C9}"
EndProject
Project("{FAE04EC0-301F-11D3-BF4B-00C04F79EFBC}") = "Interfaces", "Interfaces\Interfaces.csproj", "{42025788-6176-4792-84BB-018554DFCC26}"
EndProject
Project("{FAE04EC0-301F-11D3-BF4B-00C04F79EFBC}") = "ViewModel", "ViewModel\ViewModel.csproj", "{9584B4B6-5EB9-4B7E-BE59-5745975CFC33}"
EndProject
Project("{FAE04EC0-301F-11D3-BF4B-00C04F79EFBC}") = "Logging", "Logging\Logging.csproj", "{92FBBACB-E018-48B7-ADDB-B2C70B42FAA0}"
EndProject
Project("{FAE04EC0-301F-11D3-BF4B-00C04F79EFBC}") = "FileLogging", "FileLogging\FileLogging.csproj", "{2C53E0A1-58ED-4D60-994D-B4A16D035FBD}"
EndProject
Project("{FAE04EC0-301F-11D3-BF4B-00C04F79EFBC}") = "CMDPathfinder", "CMDPathfinder\CMDPathfinder.csproj", "{3500DFB8-833E-4E54-8E21-3703E3B05B9C}"
EndProject
Project("{FAE04EC0-301F-11D3-BF4B-00C04F79EFBC}") = "WPFShowInfo", "WPFShowInfo\WPFShowInfo.csproj", "{8EB57E6D-D430-48F4-AEE4-3C68E8D4BCE4}"
EndProject
Project("{FAE04EC0-301F-11D3-BF4B-00C04F79EFBC}") = "Composition", "Composition\Composition.csproj", "{45687B68-7DFF-40B7-9E69-F300AB441B3A}"
EndProject
Project("{FAE04EC0-301F-11D3-BF4B-00C04F79EFBC}") = "Data", "Data\Data.csproj", "{0ABA202D-9EB2-4766-9B8C-E3DD42B796B1}"
EndProject
Project("{FAE04EC0-301F-11D3-BF4B-00C04F79EFBC}") = "XMLData", "XMLData\XMLData.csproj", "{4C1F28C7-5649-4FB7-B679-39AF534AC322}"
EndProject
Project("{FAE04EC0-301F-11D3-BF4B-00C04F79EFBC}") = "XMLTests", "XMLTests\XMLTests.csproj", "{207C05B0-E701-4CA1-933E-2CA64B143011}"
EndProject
Project("{2150E333-8FDC-42A3-9474-1A3956D46DE8}") = "Tests", "Tests", "{BB6CBD99-34E9-4B06-B1C7-F6184EF8A12A}"
EndProject
Project("{FAE04EC0-301F-11D3-BF4B-00C04F79EFBC}") = "DBData", "DBData\DBData.csproj", "{0D1097B7-73EB-4ACB-A9CB-8DAA828860A7}"
EndProject
Global
	GlobalSection(SolutionConfigurationPlatforms) = preSolution
		Debug|Any CPU = Debug|Any CPU
		Release|Any CPU = Release|Any CPU
	EndGlobalSection
	GlobalSection(ProjectConfigurationPlatforms) = postSolution
		{D02B3370-AB12-4E60-A1E8-A03D2048A7EF}.Debug|Any CPU.ActiveCfg = Debug|Any CPU
		{D02B3370-AB12-4E60-A1E8-A03D2048A7EF}.Debug|Any CPU.Build.0 = Debug|Any CPU
		{D02B3370-AB12-4E60-A1E8-A03D2048A7EF}.Release|Any CPU.ActiveCfg = Release|Any CPU
		{D02B3370-AB12-4E60-A1E8-A03D2048A7EF}.Release|Any CPU.Build.0 = Release|Any CPU
		{71590A12-A991-4FB2-8A89-6B2A48D6BE26}.Debug|Any CPU.ActiveCfg = Debug|Any CPU
		{71590A12-A991-4FB2-8A89-6B2A48D6BE26}.Debug|Any CPU.Build.0 = Debug|Any CPU
		{71590A12-A991-4FB2-8A89-6B2A48D6BE26}.Release|Any CPU.ActiveCfg = Release|Any CPU
		{71590A12-A991-4FB2-8A89-6B2A48D6BE26}.Release|Any CPU.Build.0 = Release|Any CPU
		{2AAD1C88-48EA-4898-8F30-9A3D90D8BC82}.Debug|Any CPU.ActiveCfg = Debug|Any CPU
		{2AAD1C88-48EA-4898-8F30-9A3D90D8BC82}.Debug|Any CPU.Build.0 = Debug|Any CPU
		{2AAD1C88-48EA-4898-8F30-9A3D90D8BC82}.Release|Any CPU.ActiveCfg = Release|Any CPU
		{2AAD1C88-48EA-4898-8F30-9A3D90D8BC82}.Release|Any CPU.Build.0 = Release|Any CPU
		{307CDC07-4DE8-40FA-9420-A882AFED6FAA}.Debug|Any CPU.ActiveCfg = Debug|Any CPU
		{307CDC07-4DE8-40FA-9420-A882AFED6FAA}.Debug|Any CPU.Build.0 = Debug|Any CPU
		{307CDC07-4DE8-40FA-9420-A882AFED6FAA}.Release|Any CPU.ActiveCfg = Release|Any CPU
		{307CDC07-4DE8-40FA-9420-A882AFED6FAA}.Release|Any CPU.Build.0 = Release|Any CPU
		{D4091BE8-68B8-4B05-92DD-A408D7B2E148}.Debug|Any CPU.ActiveCfg = Debug|Any CPU
		{D4091BE8-68B8-4B05-92DD-A408D7B2E148}.Debug|Any CPU.Build.0 = Debug|Any CPU
		{D4091BE8-68B8-4B05-92DD-A408D7B2E148}.Release|Any CPU.ActiveCfg = Release|Any CPU
		{D4091BE8-68B8-4B05-92DD-A408D7B2E148}.Release|Any CPU.Build.0 = Release|Any CPU
		{7498CB1C-7504-40F0-A216-E892163072C9}.Debug|Any CPU.ActiveCfg = Debug|Any CPU
		{7498CB1C-7504-40F0-A216-E892163072C9}.Debug|Any CPU.Build.0 = Debug|Any CPU
		{7498CB1C-7504-40F0-A216-E892163072C9}.Release|Any CPU.ActiveCfg = Release|Any CPU
		{7498CB1C-7504-40F0-A216-E892163072C9}.Release|Any CPU.Build.0 = Release|Any CPU
		{42025788-6176-4792-84BB-018554DFCC26}.Debug|Any CPU.ActiveCfg = Debug|Any CPU
		{42025788-6176-4792-84BB-018554DFCC26}.Debug|Any CPU.Build.0 = Debug|Any CPU
		{42025788-6176-4792-84BB-018554DFCC26}.Release|Any CPU.ActiveCfg = Release|Any CPU
		{42025788-6176-4792-84BB-018554DFCC26}.Release|Any CPU.Build.0 = Release|Any CPU
		{9584B4B6-5EB9-4B7E-BE59-5745975CFC33}.Debug|Any CPU.ActiveCfg = Debug|Any CPU
		{9584B4B6-5EB9-4B7E-BE59-5745975CFC33}.Debug|Any CPU.Build.0 = Debug|Any CPU
		{9584B4B6-5EB9-4B7E-BE59-5745975CFC33}.Release|Any CPU.ActiveCfg = Release|Any CPU
		{9584B4B6-5EB9-4B7E-BE59-5745975CFC33}.Release|Any CPU.Build.0 = Release|Any CPU
		{92FBBACB-E018-48B7-ADDB-B2C70B42FAA0}.Debug|Any CPU.ActiveCfg = Debug|Any CPU
		{92FBBACB-E018-48B7-ADDB-B2C70B42FAA0}.Debug|Any CPU.Build.0 = Debug|Any CPU
		{92FBBACB-E018-48B7-ADDB-B2C70B42FAA0}.Release|Any CPU.ActiveCfg = Release|Any CPU
		{92FBBACB-E018-48B7-ADDB-B2C70B42FAA0}.Release|Any CPU.Build.0 = Release|Any CPU
		{2C53E0A1-58ED-4D60-994D-B4A16D035FBD}.Debug|Any CPU.ActiveCfg = Debug|Any CPU
		{2C53E0A1-58ED-4D60-994D-B4A16D035FBD}.Debug|Any CPU.Build.0 = Debug|Any CPU
		{2C53E0A1-58ED-4D60-994D-B4A16D035FBD}.Release|Any CPU.ActiveCfg = Release|Any CPU
		{2C53E0A1-58ED-4D60-994D-B4A16D035FBD}.Release|Any CPU.Build.0 = Release|Any CPU
		{3500DFB8-833E-4E54-8E21-3703E3B05B9C}.Debug|Any CPU.ActiveCfg = Debug|Any CPU
		{3500DFB8-833E-4E54-8E21-3703E3B05B9C}.Debug|Any CPU.Build.0 = Debug|Any CPU
		{3500DFB8-833E-4E54-8E21-3703E3B05B9C}.Release|Any CPU.ActiveCfg = Release|Any CPU
		{3500DFB8-833E-4E54-8E21-3703E3B05B9C}.Release|Any CPU.Build.0 = Release|Any CPU
		{8EB57E6D-D430-48F4-AEE4-3C68E8D4BCE4}.Debug|Any CPU.ActiveCfg = Debug|Any CPU
		{8EB57E6D-D430-48F4-AEE4-3C68E8D4BCE4}.Debug|Any CPU.Build.0 = Debug|Any CPU
		{8EB57E6D-D430-48F4-AEE4-3C68E8D4BCE4}.Release|Any CPU.ActiveCfg = Release|Any CPU
		{8EB57E6D-D430-48F4-AEE4-3C68E8D4BCE4}.Release|Any CPU.Build.0 = Release|Any CPU
		{45687B68-7DFF-40B7-9E69-F300AB441B3A}.Debug|Any CPU.ActiveCfg = Debug|Any CPU
		{45687B68-7DFF-40B7-9E69-F300AB441B3A}.Debug|Any CPU.Build.0 = Debug|Any CPU
		{45687B68-7DFF-40B7-9E69-F300AB441B3A}.Release|Any CPU.ActiveCfg = Release|Any CPU
		{45687B68-7DFF-40B7-9E69-F300AB441B3A}.Release|Any CPU.Build.0 = Release|Any CPU
		{0ABA202D-9EB2-4766-9B8C-E3DD42B796B1}.Debug|Any CPU.ActiveCfg = Debug|Any CPU
		{0ABA202D-9EB2-4766-9B8C-E3DD42B796B1}.Debug|Any CPU.Build.0 = Debug|Any CPU
		{0ABA202D-9EB2-4766-9B8C-E3DD42B796B1}.Release|Any CPU.ActiveCfg = Release|Any CPU
		{0ABA202D-9EB2-4766-9B8C-E3DD42B796B1}.Release|Any CPU.Build.0 = Release|Any CPU
		{4C1F28C7-5649-4FB7-B679-39AF534AC322}.Debug|Any CPU.ActiveCfg = Debug|Any CPU
		{4C1F28C7-5649-4FB7-B679-39AF534AC322}.Debug|Any CPU.Build.0 = Debug|Any CPU
		{4C1F28C7-5649-4FB7-B679-39AF534AC322}.Release|Any CPU.ActiveCfg = Release|Any CPU
		{4C1F28C7-5649-4FB7-B679-39AF534AC322}.Release|Any CPU.Build.0 = Release|Any CPU
		{207C05B0-E701-4CA1-933E-2CA64B143011}.Debug|Any CPU.ActiveCfg = Debug|Any CPU
		{207C05B0-E701-4CA1-933E-2CA64B143011}.Debug|Any CPU.Build.0 = Debug|Any CPU
		{207C05B0-E701-4CA1-933E-2CA64B143011}.Release|Any CPU.ActiveCfg = Release|Any CPU
		{207C05B0-E701-4CA1-933E-2CA64B143011}.Release|Any CPU.Build.0 = Release|Any CPU
		{0D1097B7-73EB-4ACB-A9CB-8DAA828860A7}.Debug|Any CPU.ActiveCfg = Debug|Any CPU
		{0D1097B7-73EB-4ACB-A9CB-8DAA828860A7}.Debug|Any CPU.Build.0 = Debug|Any CPU
		{0D1097B7-73EB-4ACB-A9CB-8DAA828860A7}.Release|Any CPU.ActiveCfg = Release|Any CPU
		{0D1097B7-73EB-4ACB-A9CB-8DAA828860A7}.Release|Any CPU.Build.0 = Release|Any CPU
	EndGlobalSection
	GlobalSection(SolutionProperties) = preSolution
		HideSolutionNode = FALSE
	EndGlobalSection
	GlobalSection(NestedProjects) = preSolution
		{2AAD1C88-48EA-4898-8F30-9A3D90D8BC82} = {BB6CBD99-34E9-4B06-B1C7-F6184EF8A12A}
		{307CDC07-4DE8-40FA-9420-A882AFED6FAA} = {BB6CBD99-34E9-4B06-B1C7-F6184EF8A12A}
		{207C05B0-E701-4CA1-933E-2CA64B143011} = {BB6CBD99-34E9-4B06-B1C7-F6184EF8A12A}
	EndGlobalSection
	GlobalSection(ExtensibilityGlobals) = postSolution
		SolutionGuid = {5D2692E1-5422-44C4-9679-FB45BF8869D0}
	EndGlobalSection
EndGlobal
