
Microsoft Visual Studio Solution File, Format Version 12.00
# Visual Studio 15
VisualStudioVersion = 15.0.28010.2046
MinimumVisualStudioVersion = 10.0.40219.1
Project("{FAE04EC0-301F-11D3-BF4B-00C04F79EFBC}") = "WpfApplication", "WpfApplication\WpfApplication.csproj", "{D02B3370-AB12-4E60-A1E8-A03D2048A7EF}"
EndProject
Project("{FAE04EC0-301F-11D3-BF4B-00C04F79EFBC}") = "BusinessLogic", "BusinessLogic\BusinessLogic.csproj", "{71590A12-A991-4FB2-8A89-6B2A48D6BE26}"
EndProject
Project("{FAE04EC0-301F-11D3-BF4B-00C04F79EFBC}") = "UnitTests", "UnitTests\UnitTests.csproj", "{2AAD1C88-48EA-4898-8F30-9A3D90D8BC82}"
EndProject
Global
	GlobalSection(SolutionConfigurationPlatforms) = preSolution
		Debug|Any CPU = Debug|Any CPU
		Release|Any CPU = Release|Any CPU
	EndGlobalSection
	GlobalSection(ProjectConfigurationPlatforms) = postSolution
		{D02B3370-AB12-4E60-A1E8-A03D2048A7EF}.Debug|Any CPU.ActiveCfg = Debug|Any CPU
		{D02B3370-AB12-4E60-A1E8-A03D2048A7EF}.Debug|Any CPU.Build.0 = Debug|Any CPU
		{D02B3370-AB12-4E60-A1E8-A03D2048A7EF}.Release|Any CPU.ActiveCfg = Release|Any CPU
		{D02B3370-AB12-4E60-A1E8-A03D2048A7EF}.Release|Any CPU.Build.0 = Release|Any CPU
		{71590A12-A991-4FB2-8A89-6B2A48D6BE26}.Debug|Any CPU.ActiveCfg = Debug|Any CPU
		{71590A12-A991-4FB2-8A89-6B2A48D6BE26}.Debug|Any CPU.Build.0 = Debug|Any CPU
		{71590A12-A991-4FB2-8A89-6B2A48D6BE26}.Release|Any CPU.ActiveCfg = Release|Any CPU
		{71590A12-A991-4FB2-8A89-6B2A48D6BE26}.Release|Any CPU.Build.0 = Release|Any CPU
		{2AAD1C88-48EA-4898-8F30-9A3D90D8BC82}.Debug|Any CPU.ActiveCfg = Debug|Any CPU
		{2AAD1C88-48EA-4898-8F30-9A3D90D8BC82}.Debug|Any CPU.Build.0 = Debug|Any CPU
		{2AAD1C88-48EA-4898-8F30-9A3D90D8BC82}.Release|Any CPU.ActiveCfg = Release|Any CPU
		{2AAD1C88-48EA-4898-8F30-9A3D90D8BC82}.Release|Any CPU.Build.0 = Release|Any CPU
	EndGlobalSection
	GlobalSection(SolutionProperties) = preSolution
		HideSolutionNode = FALSE
	EndGlobalSection
	GlobalSection(ExtensibilityGlobals) = postSolution
		SolutionGuid = {5D2692E1-5422-44C4-9679-FB45BF8869D0}
	EndGlobalSection
EndGlobal
